// !$*UTF8*$!
{
	archiveVersion = 1;
	classes = {
	};
	objectVersion = 56;
	objects = {

/* Begin PBXBuildFile section */
		91460A7D2BFCF2010078A5CC /* ExpenseTrackerModel.xcdatamodeld in Sources */ = {isa = PBXBuildFile; fileRef = 91460A7B2BFCF2010078A5CC /* ExpenseTrackerModel.xcdatamodeld */; };
		917182AE2BF80B50002E0797 /* PersistenceController.swift in Sources */ = {isa = PBXBuildFile; fileRef = 917182AD2BF80B50002E0797 /* PersistenceController.swift */; };
		918F2FDF2BF7BA530094F9F3 /* MoneyAnalyticsApp.swift in Sources */ = {isa = PBXBuildFile; fileRef = 918F2FDE2BF7BA530094F9F3 /* MoneyAnalyticsApp.swift */; };
		918F2FE12BF7BA530094F9F3 /* ContentView.swift in Sources */ = {isa = PBXBuildFile; fileRef = 918F2FE02BF7BA530094F9F3 /* ContentView.swift */; };
		918F2FE32BF7BA530094F9F3 /* Item.swift in Sources */ = {isa = PBXBuildFile; fileRef = 918F2FE22BF7BA530094F9F3 /* Item.swift */; };
		918F2FE52BF7BA540094F9F3 /* Assets.xcassets in Resources */ = {isa = PBXBuildFile; fileRef = 918F2FE42BF7BA540094F9F3 /* Assets.xcassets */; };
		918F2FE82BF7BA540094F9F3 /* Preview Assets.xcassets in Resources */ = {isa = PBXBuildFile; fileRef = 918F2FE72BF7BA540094F9F3 /* Preview Assets.xcassets */; };
		918F2FF22BF7BA540094F9F3 /* MoneyAnalyticsTests.swift in Sources */ = {isa = PBXBuildFile; fileRef = 918F2FF12BF7BA540094F9F3 /* MoneyAnalyticsTests.swift */; };
		918F2FFC2BF7BA540094F9F3 /* MoneyAnalyticsUITests.swift in Sources */ = {isa = PBXBuildFile; fileRef = 918F2FFB2BF7BA540094F9F3 /* MoneyAnalyticsUITests.swift */; };
		918F2FFE2BF7BA540094F9F3 /* MoneyAnalyticsUITestsLaunchTests.swift in Sources */ = {isa = PBXBuildFile; fileRef = 918F2FFD2BF7BA540094F9F3 /* MoneyAnalyticsUITestsLaunchTests.swift */; };
		918F300D2BF7BC780094F9F3 /* AddExpenseView.swift in Sources */ = {isa = PBXBuildFile; fileRef = 918F300C2BF7BC780094F9F3 /* AddExpenseView.swift */; };
		918F300F2BF7BD8B0094F9F3 /* AddIncomeView.swift in Sources */ = {isa = PBXBuildFile; fileRef = 918F300E2BF7BD8B0094F9F3 /* AddIncomeView.swift */; };
		91CDFCAA2BF8DD3900A893C5 /* ExpenseDetailView.swift in Sources */ = {isa = PBXBuildFile; fileRef = 91CDFCA92BF8DD3900A893C5 /* ExpenseDetailView.swift */; };
/* End PBXBuildFile section */

/* Begin PBXContainerItemProxy section */
		918F2FEE2BF7BA540094F9F3 /* PBXContainerItemProxy */ = {
			isa = PBXContainerItemProxy;
			containerPortal = 918F2FD32BF7BA530094F9F3 /* Project object */;
			proxyType = 1;
			remoteGlobalIDString = 918F2FDA2BF7BA530094F9F3;
			remoteInfo = MoneyAnalytics;
		};
		918F2FF82BF7BA540094F9F3 /* PBXContainerItemProxy */ = {
			isa = PBXContainerItemProxy;
			containerPortal = 918F2FD32BF7BA530094F9F3 /* Project object */;
			proxyType = 1;
			remoteGlobalIDString = 918F2FDA2BF7BA530094F9F3;
			remoteInfo = MoneyAnalytics;
		};
/* End PBXContainerItemProxy section */

/* Begin PBXFileReference section */
		91460A7C2BFCF2010078A5CC /* ExpenseTrackerModel.xcdatamodel */ = {isa = PBXFileReference; lastKnownFileType = wrapper.xcdatamodel; path = ExpenseTrackerModel.xcdatamodel; sourceTree = "<group>"; };
		917182AD2BF80B50002E0797 /* PersistenceController.swift */ = {isa = PBXFileReference; lastKnownFileType = sourcecode.swift; path = PersistenceController.swift; sourceTree = "<group>"; };
		918F2FDB2BF7BA530094F9F3 /* MoneyAnalytics.app */ = {isa = PBXFileReference; explicitFileType = wrapper.application; includeInIndex = 0; path = MoneyAnalytics.app; sourceTree = BUILT_PRODUCTS_DIR; };
		918F2FDE2BF7BA530094F9F3 /* MoneyAnalyticsApp.swift */ = {isa = PBXFileReference; lastKnownFileType = sourcecode.swift; path = MoneyAnalyticsApp.swift; sourceTree = "<group>"; };
		918F2FE02BF7BA530094F9F3 /* ContentView.swift */ = {isa = PBXFileReference; lastKnownFileType = sourcecode.swift; path = ContentView.swift; sourceTree = "<group>"; };
		918F2FE22BF7BA530094F9F3 /* Item.swift */ = {isa = PBXFileReference; lastKnownFileType = sourcecode.swift; path = Item.swift; sourceTree = "<group>"; };
		918F2FE42BF7BA540094F9F3 /* Assets.xcassets */ = {isa = PBXFileReference; lastKnownFileType = folder.assetcatalog; path = Assets.xcassets; sourceTree = "<group>"; };
		918F2FE72BF7BA540094F9F3 /* Preview Assets.xcassets */ = {isa = PBXFileReference; lastKnownFileType = folder.assetcatalog; path = "Preview Assets.xcassets"; sourceTree = "<group>"; };
		918F2FED2BF7BA540094F9F3 /* MoneyAnalyticsTests.xctest */ = {isa = PBXFileReference; explicitFileType = wrapper.cfbundle; includeInIndex = 0; path = MoneyAnalyticsTests.xctest; sourceTree = BUILT_PRODUCTS_DIR; };
		918F2FF12BF7BA540094F9F3 /* MoneyAnalyticsTests.swift */ = {isa = PBXFileReference; lastKnownFileType = sourcecode.swift; path = MoneyAnalyticsTests.swift; sourceTree = "<group>"; };
		918F2FF72BF7BA540094F9F3 /* MoneyAnalyticsUITests.xctest */ = {isa = PBXFileReference; explicitFileType = wrapper.cfbundle; includeInIndex = 0; path = MoneyAnalyticsUITests.xctest; sourceTree = BUILT_PRODUCTS_DIR; };
		918F2FFB2BF7BA540094F9F3 /* MoneyAnalyticsUITests.swift */ = {isa = PBXFileReference; lastKnownFileType = sourcecode.swift; path = MoneyAnalyticsUITests.swift; sourceTree = "<group>"; };
		918F2FFD2BF7BA540094F9F3 /* MoneyAnalyticsUITestsLaunchTests.swift */ = {isa = PBXFileReference; lastKnownFileType = sourcecode.swift; path = MoneyAnalyticsUITestsLaunchTests.swift; sourceTree = "<group>"; };
		918F300C2BF7BC780094F9F3 /* AddExpenseView.swift */ = {isa = PBXFileReference; lastKnownFileType = sourcecode.swift; path = AddExpenseView.swift; sourceTree = "<group>"; };
		918F300E2BF7BD8B0094F9F3 /* AddIncomeView.swift */ = {isa = PBXFileReference; lastKnownFileType = sourcecode.swift; path = AddIncomeView.swift; sourceTree = "<group>"; };
		91CDFCA92BF8DD3900A893C5 /* ExpenseDetailView.swift */ = {isa = PBXFileReference; lastKnownFileType = sourcecode.swift; path = ExpenseDetailView.swift; sourceTree = "<group>"; };
/* End PBXFileReference section */

/* Begin PBXFrameworksBuildPhase section */
		918F2FD82BF7BA530094F9F3 /* Frameworks */ = {
			isa = PBXFrameworksBuildPhase;
			buildActionMask = 2147483647;
			files = (
			);
			runOnlyForDeploymentPostprocessing = 0;
		};
		918F2FEA2BF7BA540094F9F3 /* Frameworks */ = {
			isa = PBXFrameworksBuildPhase;
			buildActionMask = 2147483647;
			files = (
			);
			runOnlyForDeploymentPostprocessing = 0;
		};
		918F2FF42BF7BA540094F9F3 /* Frameworks */ = {
			isa = PBXFrameworksBuildPhase;
			buildActionMask = 2147483647;
			files = (
			);
			runOnlyForDeploymentPostprocessing = 0;
		};
/* End PBXFrameworksBuildPhase section */

/* Begin PBXGroup section */
		917182B62BF81324002E0797 /* Views */ = {
			isa = PBXGroup;
			children = (
				918F300E2BF7BD8B0094F9F3 /* AddIncomeView.swift */,
				918F300C2BF7BC780094F9F3 /* AddExpenseView.swift */,
			);
			path = Views;
			sourceTree = "<group>";
		};
		918F2FD22BF7BA530094F9F3 = {
			isa = PBXGroup;
			children = (
				918F2FDD2BF7BA530094F9F3 /* MoneyAnalytics */,
				918F2FF02BF7BA540094F9F3 /* MoneyAnalyticsTests */,
				918F2FFA2BF7BA540094F9F3 /* MoneyAnalyticsUITests */,
				918F2FDC2BF7BA530094F9F3 /* Products */,
			);
			sourceTree = "<group>";
		};
		918F2FDC2BF7BA530094F9F3 /* Products */ = {
			isa = PBXGroup;
			children = (
				918F2FDB2BF7BA530094F9F3 /* MoneyAnalytics.app */,
				918F2FED2BF7BA540094F9F3 /* MoneyAnalyticsTests.xctest */,
				918F2FF72BF7BA540094F9F3 /* MoneyAnalyticsUITests.xctest */,
			);
			name = Products;
			sourceTree = "<group>";
		};
		918F2FDD2BF7BA530094F9F3 /* MoneyAnalytics */ = {
			isa = PBXGroup;
			children = (
				918F2FDE2BF7BA530094F9F3 /* MoneyAnalyticsApp.swift */,
				918F2FE02BF7BA530094F9F3 /* ContentView.swift */,
				91CDFCA92BF8DD3900A893C5 /* ExpenseDetailView.swift */,
				917182B62BF81324002E0797 /* Views */,
				917182AD2BF80B50002E0797 /* PersistenceController.swift */,
				91460A7B2BFCF2010078A5CC /* ExpenseTrackerModel.xcdatamodeld */,
				918F2FE22BF7BA530094F9F3 /* Item.swift */,
				918F2FE42BF7BA540094F9F3 /* Assets.xcassets */,
				918F2FE62BF7BA540094F9F3 /* Preview Content */,
			);
			path = MoneyAnalytics;
			sourceTree = "<group>";
		};
		918F2FE62BF7BA540094F9F3 /* Preview Content */ = {
			isa = PBXGroup;
			children = (
				918F2FE72BF7BA540094F9F3 /* Preview Assets.xcassets */,
			);
			path = "Preview Content";
			sourceTree = "<group>";
		};
		918F2FF02BF7BA540094F9F3 /* MoneyAnalyticsTests */ = {
			isa = PBXGroup;
			children = (
				918F2FF12BF7BA540094F9F3 /* MoneyAnalyticsTests.swift */,
			);
			path = MoneyAnalyticsTests;
			sourceTree = "<group>";
		};
		918F2FFA2BF7BA540094F9F3 /* MoneyAnalyticsUITests */ = {
			isa = PBXGroup;
			children = (
				918F2FFB2BF7BA540094F9F3 /* MoneyAnalyticsUITests.swift */,
				918F2FFD2BF7BA540094F9F3 /* MoneyAnalyticsUITestsLaunchTests.swift */,
			);
			path = MoneyAnalyticsUITests;
			sourceTree = "<group>";
		};
/* End PBXGroup section */

/* Begin PBXNativeTarget section */
		918F2FDA2BF7BA530094F9F3 /* MoneyAnalytics */ = {
			isa = PBXNativeTarget;
			buildConfigurationList = 918F30012BF7BA540094F9F3 /* Build configuration list for PBXNativeTarget "MoneyAnalytics" */;
			buildPhases = (
				918F2FD72BF7BA530094F9F3 /* Sources */,
				918F2FD82BF7BA530094F9F3 /* Frameworks */,
				918F2FD92BF7BA530094F9F3 /* Resources */,
			);
			buildRules = (
			);
			dependencies = (
			);
			name = MoneyAnalytics;
			productName = MoneyAnalytics;
			productReference = 918F2FDB2BF7BA530094F9F3 /* MoneyAnalytics.app */;
			productType = "com.apple.product-type.application";
		};
		918F2FEC2BF7BA540094F9F3 /* MoneyAnalyticsTests */ = {
			isa = PBXNativeTarget;
			buildConfigurationList = 918F30042BF7BA540094F9F3 /* Build configuration list for PBXNativeTarget "MoneyAnalyticsTests" */;
			buildPhases = (
				918F2FE92BF7BA540094F9F3 /* Sources */,
				918F2FEA2BF7BA540094F9F3 /* Frameworks */,
				918F2FEB2BF7BA540094F9F3 /* Resources */,
			);
			buildRules = (
			);
			dependencies = (
				918F2FEF2BF7BA540094F9F3 /* PBXTargetDependency */,
			);
			name = MoneyAnalyticsTests;
			productName = MoneyAnalyticsTests;
			productReference = 918F2FED2BF7BA540094F9F3 /* MoneyAnalyticsTests.xctest */;
			productType = "com.apple.product-type.bundle.unit-test";
		};
		918F2FF62BF7BA540094F9F3 /* MoneyAnalyticsUITests */ = {
			isa = PBXNativeTarget;
			buildConfigurationList = 918F30072BF7BA540094F9F3 /* Build configuration list for PBXNativeTarget "MoneyAnalyticsUITests" */;
			buildPhases = (
				918F2FF32BF7BA540094F9F3 /* Sources */,
				918F2FF42BF7BA540094F9F3 /* Frameworks */,
				918F2FF52BF7BA540094F9F3 /* Resources */,
			);
			buildRules = (
			);
			dependencies = (
				918F2FF92BF7BA540094F9F3 /* PBXTargetDependency */,
			);
			name = MoneyAnalyticsUITests;
			productName = MoneyAnalyticsUITests;
			productReference = 918F2FF72BF7BA540094F9F3 /* MoneyAnalyticsUITests.xctest */;
			productType = "com.apple.product-type.bundle.ui-testing";
		};
/* End PBXNativeTarget section */

/* Begin PBXProject section */
		918F2FD32BF7BA530094F9F3 /* Project object */ = {
			isa = PBXProject;
			attributes = {
				BuildIndependentTargetsInParallel = 1;
				LastSwiftUpdateCheck = 1530;
				LastUpgradeCheck = 1530;
				TargetAttributes = {
					918F2FDA2BF7BA530094F9F3 = {
						CreatedOnToolsVersion = 15.3;
					};
					918F2FEC2BF7BA540094F9F3 = {
						CreatedOnToolsVersion = 15.3;
						TestTargetID = 918F2FDA2BF7BA530094F9F3;
					};
					918F2FF62BF7BA540094F9F3 = {
						CreatedOnToolsVersion = 15.3;
						TestTargetID = 918F2FDA2BF7BA530094F9F3;
					};
				};
			};
			buildConfigurationList = 918F2FD62BF7BA530094F9F3 /* Build configuration list for PBXProject "MoneyAnalytics" */;
			compatibilityVersion = "Xcode 14.0";
			developmentRegion = en;
			hasScannedForEncodings = 0;
			knownRegions = (
				en,
				Base,
			);
			mainGroup = 918F2FD22BF7BA530094F9F3;
			productRefGroup = 918F2FDC2BF7BA530094F9F3 /* Products */;
			projectDirPath = "";
			projectRoot = "";
			targets = (
				918F2FDA2BF7BA530094F9F3 /* MoneyAnalytics */,
				918F2FEC2BF7BA540094F9F3 /* MoneyAnalyticsTests */,
				918F2FF62BF7BA540094F9F3 /* MoneyAnalyticsUITests */,
			);
		};
/* End PBXProject section */

/* Begin PBXResourcesBuildPhase section */
		918F2FD92BF7BA530094F9F3 /* Resources */ = {
			isa = PBXResourcesBuildPhase;
			buildActionMask = 2147483647;
			files = (
				918F2FE82BF7BA540094F9F3 /* Preview Assets.xcassets in Resources */,
				918F2FE52BF7BA540094F9F3 /* Assets.xcassets in Resources */,
			);
			runOnlyForDeploymentPostprocessing = 0;
		};
		918F2FEB2BF7BA540094F9F3 /* Resources */ = {
			isa = PBXResourcesBuildPhase;
			buildActionMask = 2147483647;
			files = (
			);
			runOnlyForDeploymentPostprocessing = 0;
		};
		918F2FF52BF7BA540094F9F3 /* Resources */ = {
			isa = PBXResourcesBuildPhase;
			buildActionMask = 2147483647;
			files = (
			);
			runOnlyForDeploymentPostprocessing = 0;
		};
/* End PBXResourcesBuildPhase section */

/* Begin PBXSourcesBuildPhase section */
		918F2FD72BF7BA530094F9F3 /* Sources */ = {
			isa = PBXSourcesBuildPhase;
			buildActionMask = 2147483647;
			files = (
				91460A7D2BFCF2010078A5CC /* ExpenseTrackerModel.xcdatamodeld in Sources */,
				918F2FE12BF7BA530094F9F3 /* ContentView.swift in Sources */,
				91CDFCAA2BF8DD3900A893C5 /* ExpenseDetailView.swift in Sources */,
				918F300D2BF7BC780094F9F3 /* AddExpenseView.swift in Sources */,
				918F300F2BF7BD8B0094F9F3 /* AddIncomeView.swift in Sources */,
				918F2FE32BF7BA530094F9F3 /* Item.swift in Sources */,
				918F2FDF2BF7BA530094F9F3 /* MoneyAnalyticsApp.swift in Sources */,
				917182AE2BF80B50002E0797 /* PersistenceController.swift in Sources */,
			);
			runOnlyForDeploymentPostprocessing = 0;
		};
		918F2FE92BF7BA540094F9F3 /* Sources */ = {
			isa = PBXSourcesBuildPhase;
			buildActionMask = 2147483647;
			files = (
				918F2FF22BF7BA540094F9F3 /* MoneyAnalyticsTests.swift in Sources */,
			);
			runOnlyForDeploymentPostprocessing = 0;
		};
		918F2FF32BF7BA540094F9F3 /* Sources */ = {
			isa = PBXSourcesBuildPhase;
			buildActionMask = 2147483647;
			files = (
				918F2FFE2BF7BA540094F9F3 /* MoneyAnalyticsUITestsLaunchTests.swift in Sources */,
				918F2FFC2BF7BA540094F9F3 /* MoneyAnalyticsUITests.swift in Sources */,
			);
			runOnlyForDeploymentPostprocessing = 0;
		};
/* End PBXSourcesBuildPhase section */

/* Begin PBXTargetDependency section */
		918F2FEF2BF7BA540094F9F3 /* PBXTargetDependency */ = {
			isa = PBXTargetDependency;
			target = 918F2FDA2BF7BA530094F9F3 /* MoneyAnalytics */;
			targetProxy = 918F2FEE2BF7BA540094F9F3 /* PBXContainerItemProxy */;
		};
		918F2FF92BF7BA540094F9F3 /* PBXTargetDependency */ = {
			isa = PBXTargetDependency;
			target = 918F2FDA2BF7BA530094F9F3 /* MoneyAnalytics */;
			targetProxy = 918F2FF82BF7BA540094F9F3 /* PBXContainerItemProxy */;
		};
/* End PBXTargetDependency section */

/* Begin XCBuildConfiguration section */
		918F2FFF2BF7BA540094F9F3 /* Debug */ = {
			isa = XCBuildConfiguration;
			buildSettings = {
				ALWAYS_SEARCH_USER_PATHS = NO;
				ASSETCATALOG_COMPILER_GENERATE_SWIFT_ASSET_SYMBOL_EXTENSIONS = YES;
				CLANG_ANALYZER_NONNULL = YES;
				CLANG_ANALYZER_NUMBER_OBJECT_CONVERSION = YES_AGGRESSIVE;
				CLANG_CXX_LANGUAGE_STANDARD = "gnu++20";
				CLANG_ENABLE_MODULES = YES;
				CLANG_ENABLE_OBJC_ARC = YES;
				CLANG_ENABLE_OBJC_WEAK = YES;
				CLANG_WARN_BLOCK_CAPTURE_AUTORELEASING = YES;
				CLANG_WARN_BOOL_CONVERSION = YES;
				CLANG_WARN_COMMA = YES;
				CLANG_WARN_CONSTANT_CONVERSION = YES;
				CLANG_WARN_DEPRECATED_OBJC_IMPLEMENTATIONS = YES;
				CLANG_WARN_DIRECT_OBJC_ISA_USAGE = YES_ERROR;
				CLANG_WARN_DOCUMENTATION_COMMENTS = YES;
				CLANG_WARN_EMPTY_BODY = YES;
				CLANG_WARN_ENUM_CONVERSION = YES;
				CLANG_WARN_INFINITE_RECURSION = YES;
				CLANG_WARN_INT_CONVERSION = YES;
				CLANG_WARN_NON_LITERAL_NULL_CONVERSION = YES;
				CLANG_WARN_OBJC_IMPLICIT_RETAIN_SELF = YES;
				CLANG_WARN_OBJC_LITERAL_CONVERSION = YES;
				CLANG_WARN_OBJC_ROOT_CLASS = YES_ERROR;
				CLANG_WARN_QUOTED_INCLUDE_IN_FRAMEWORK_HEADER = YES;
				CLANG_WARN_RANGE_LOOP_ANALYSIS = YES;
				CLANG_WARN_STRICT_PROTOTYPES = YES;
				CLANG_WARN_SUSPICIOUS_MOVE = YES;
				CLANG_WARN_UNGUARDED_AVAILABILITY = YES_AGGRESSIVE;
				CLANG_WARN_UNREACHABLE_CODE = YES;
				CLANG_WARN__DUPLICATE_METHOD_MATCH = YES;
				COPY_PHASE_STRIP = NO;
				DEBUG_INFORMATION_FORMAT = dwarf;
				ENABLE_STRICT_OBJC_MSGSEND = YES;
				ENABLE_TESTABILITY = YES;
				ENABLE_USER_SCRIPT_SANDBOXING = YES;
				GCC_C_LANGUAGE_STANDARD = gnu17;
				GCC_DYNAMIC_NO_PIC = NO;
				GCC_NO_COMMON_BLOCKS = YES;
				GCC_OPTIMIZATION_LEVEL = 0;
				GCC_PREPROCESSOR_DEFINITIONS = (
					"DEBUG=1",
					"$(inherited)",
				);
				GCC_WARN_64_TO_32_BIT_CONVERSION = YES;
				GCC_WARN_ABOUT_RETURN_TYPE = YES_ERROR;
				GCC_WARN_UNDECLARED_SELECTOR = YES;
				GCC_WARN_UNINITIALIZED_AUTOS = YES_AGGRESSIVE;
				GCC_WARN_UNUSED_FUNCTION = YES;
				GCC_WARN_UNUSED_VARIABLE = YES;
				IPHONEOS_DEPLOYMENT_TARGET = 17.4;
				LOCALIZATION_PREFERS_STRING_CATALOGS = YES;
				MTL_ENABLE_DEBUG_INFO = INCLUDE_SOURCE;
				MTL_FAST_MATH = YES;
				ONLY_ACTIVE_ARCH = YES;
				SDKROOT = iphoneos;
				SWIFT_ACTIVE_COMPILATION_CONDITIONS = "DEBUG $(inherited)";
				SWIFT_OPTIMIZATION_LEVEL = "-Onone";
			};
			name = Debug;
		};
		918F30002BF7BA540094F9F3 /* Release */ = {
			isa = XCBuildConfiguration;
			buildSettings = {
				ALWAYS_SEARCH_USER_PATHS = NO;
				ASSETCATALOG_COMPILER_GENERATE_SWIFT_ASSET_SYMBOL_EXTENSIONS = YES;
				CLANG_ANALYZER_NONNULL = YES;
				CLANG_ANALYZER_NUMBER_OBJECT_CONVERSION = YES_AGGRESSIVE;
				CLANG_CXX_LANGUAGE_STANDARD = "gnu++20";
				CLANG_ENABLE_MODULES = YES;
				CLANG_ENABLE_OBJC_ARC = YES;
				CLANG_ENABLE_OBJC_WEAK = YES;
				CLANG_WARN_BLOCK_CAPTURE_AUTORELEASING = YES;
				CLANG_WARN_BOOL_CONVERSION = YES;
				CLANG_WARN_COMMA = YES;
				CLANG_WARN_CONSTANT_CONVERSION = YES;
				CLANG_WARN_DEPRECATED_OBJC_IMPLEMENTATIONS = YES;
				CLANG_WARN_DIRECT_OBJC_ISA_USAGE = YES_ERROR;
				CLANG_WARN_DOCUMENTATION_COMMENTS = YES;
				CLANG_WARN_EMPTY_BODY = YES;
				CLANG_WARN_ENUM_CONVERSION = YES;
				CLANG_WARN_INFINITE_RECURSION = YES;
				CLANG_WARN_INT_CONVERSION = YES;
				CLANG_WARN_NON_LITERAL_NULL_CONVERSION = YES;
				CLANG_WARN_OBJC_IMPLICIT_RETAIN_SELF = YES;
				CLANG_WARN_OBJC_LITERAL_CONVERSION = YES;
				CLANG_WARN_OBJC_ROOT_CLASS = YES_ERROR;
				CLANG_WARN_QUOTED_INCLUDE_IN_FRAMEWORK_HEADER = YES;
				CLANG_WARN_RANGE_LOOP_ANALYSIS = YES;
				CLANG_WARN_STRICT_PROTOTYPES = YES;
				CLANG_WARN_SUSPICIOUS_MOVE = YES;
				CLANG_WARN_UNGUARDED_AVAILABILITY = YES_AGGRESSIVE;
				CLANG_WARN_UNREACHABLE_CODE = YES;
				CLANG_WARN__DUPLICATE_METHOD_MATCH = YES;
				COPY_PHASE_STRIP = NO;
				DEBUG_INFORMATION_FORMAT = "dwarf-with-dsym";
				ENABLE_NS_ASSERTIONS = NO;
				ENABLE_STRICT_OBJC_MSGSEND = YES;
				ENABLE_USER_SCRIPT_SANDBOXING = YES;
				GCC_C_LANGUAGE_STANDARD = gnu17;
				GCC_NO_COMMON_BLOCKS = YES;
				GCC_WARN_64_TO_32_BIT_CONVERSION = YES;
				GCC_WARN_ABOUT_RETURN_TYPE = YES_ERROR;
				GCC_WARN_UNDECLARED_SELECTOR = YES;
				GCC_WARN_UNINITIALIZED_AUTOS = YES_AGGRESSIVE;
				GCC_WARN_UNUSED_FUNCTION = YES;
				GCC_WARN_UNUSED_VARIABLE = YES;
				IPHONEOS_DEPLOYMENT_TARGET = 17.4;
				LOCALIZATION_PREFERS_STRING_CATALOGS = YES;
				MTL_ENABLE_DEBUG_INFO = NO;
				MTL_FAST_MATH = YES;
				SDKROOT = iphoneos;
				SWIFT_COMPILATION_MODE = wholemodule;
				VALIDATE_PRODUCT = YES;
			};
			name = Release;
		};
		918F30022BF7BA540094F9F3 /* Debug */ = {
			isa = XCBuildConfiguration;
			buildSettings = {
				ASSETCATALOG_COMPILER_APPICON_NAME = AppIcon;
				ASSETCATALOG_COMPILER_GLOBAL_ACCENT_COLOR_NAME = AccentColor;
				CODE_SIGN_STYLE = Automatic;
				CURRENT_PROJECT_VERSION = 1;
				DEVELOPMENT_ASSET_PATHS = "\"MoneyAnalytics/Preview Content\"";
				DEVELOPMENT_TEAM = 2AK9ZNX2A9;
				ENABLE_PREVIEWS = YES;
				GENERATE_INFOPLIST_FILE = YES;
				INFOPLIST_KEY_UIApplicationSceneManifest_Generation = YES;
				INFOPLIST_KEY_UIApplicationSupportsIndirectInputEvents = YES;
				INFOPLIST_KEY_UILaunchScreen_Generation = YES;
				INFOPLIST_KEY_UISupportedInterfaceOrientations_iPad = "UIInterfaceOrientationPortrait UIInterfaceOrientationPortraitUpsideDown UIInterfaceOrientationLandscapeLeft UIInterfaceOrientationLandscapeRight";
				INFOPLIST_KEY_UISupportedInterfaceOrientations_iPhone = "UIInterfaceOrientationPortrait UIInterfaceOrientationLandscapeLeft UIInterfaceOrientationLandscapeRight";
				LD_RUNPATH_SEARCH_PATHS = (
					"$(inherited)",
					"@executable_path/Frameworks",
				);
				MARKETING_VERSION = 1.0;
				PRODUCT_BUNDLE_IDENTIFIER = TheoTar.MoneyAnalytics;
				PRODUCT_NAME = "$(TARGET_NAME)";
				SWIFT_EMIT_LOC_STRINGS = YES;
				SWIFT_VERSION = 5.0;
				TARGETED_DEVICE_FAMILY = "1,2";
			};
			name = Debug;
		};
		918F30032BF7BA540094F9F3 /* Release */ = {
			isa = XCBuildConfiguration;
			buildSettings = {
				ASSETCATALOG_COMPILER_APPICON_NAME = AppIcon;
				ASSETCATALOG_COMPILER_GLOBAL_ACCENT_COLOR_NAME = AccentColor;
				CODE_SIGN_STYLE = Automatic;
				CURRENT_PROJECT_VERSION = 1;
				DEVELOPMENT_ASSET_PATHS = "\"MoneyAnalytics/Preview Content\"";
				DEVELOPMENT_TEAM = 2AK9ZNX2A9;
				ENABLE_PREVIEWS = YES;
				GENERATE_INFOPLIST_FILE = YES;
				INFOPLIST_KEY_UIApplicationSceneManifest_Generation = YES;
				INFOPLIST_KEY_UIApplicationSupportsIndirectInputEvents = YES;
				INFOPLIST_KEY_UILaunchScreen_Generation = YES;
				INFOPLIST_KEY_UISupportedInterfaceOrientations_iPad = "UIInterfaceOrientationPortrait UIInterfaceOrientationPortraitUpsideDown UIInterfaceOrientationLandscapeLeft UIInterfaceOrientationLandscapeRight";
				INFOPLIST_KEY_UISupportedInterfaceOrientations_iPhone = "UIInterfaceOrientationPortrait UIInterfaceOrientationLandscapeLeft UIInterfaceOrientationLandscapeRight";
				LD_RUNPATH_SEARCH_PATHS = (
					"$(inherited)",
					"@executable_path/Frameworks",
				);
				MARKETING_VERSION = 1.0;
				PRODUCT_BUNDLE_IDENTIFIER = TheoTar.MoneyAnalytics;
				PRODUCT_NAME = "$(TARGET_NAME)";
				SWIFT_EMIT_LOC_STRINGS = YES;
				SWIFT_VERSION = 5.0;
				TARGETED_DEVICE_FAMILY = "1,2";
			};
			name = Release;
		};
		918F30052BF7BA540094F9F3 /* Debug */ = {
			isa = XCBuildConfiguration;
			buildSettings = {
				ALWAYS_EMBED_SWIFT_STANDARD_LIBRARIES = YES;
				BUNDLE_LOADER = "$(TEST_HOST)";
				CODE_SIGN_STYLE = Automatic;
				CURRENT_PROJECT_VERSION = 1;
				DEVELOPMENT_TEAM = 2AK9ZNX2A9;
				GENERATE_INFOPLIST_FILE = YES;
				IPHONEOS_DEPLOYMENT_TARGET = 17.4;
				MARKETING_VERSION = 1.0;
				PRODUCT_BUNDLE_IDENTIFIER = TheoTar.MoneyAnalyticsTests;
				PRODUCT_NAME = "$(TARGET_NAME)";
				SWIFT_EMIT_LOC_STRINGS = NO;
				SWIFT_VERSION = 5.0;
				TARGETED_DEVICE_FAMILY = "1,2";
				TEST_HOST = "$(BUILT_PRODUCTS_DIR)/MoneyAnalytics.app/$(BUNDLE_EXECUTABLE_FOLDER_PATH)/MoneyAnalytics";
			};
			name = Debug;
		};
		918F30062BF7BA540094F9F3 /* Release */ = {
			isa = XCBuildConfiguration;
			buildSettings = {
				ALWAYS_EMBED_SWIFT_STANDARD_LIBRARIES = YES;
				BUNDLE_LOADER = "$(TEST_HOST)";
				CODE_SIGN_STYLE = Automatic;
				CURRENT_PROJECT_VERSION = 1;
				DEVELOPMENT_TEAM = 2AK9ZNX2A9;
				GENERATE_INFOPLIST_FILE = YES;
				IPHONEOS_DEPLOYMENT_TARGET = 17.4;
				MARKETING_VERSION = 1.0;
				PRODUCT_BUNDLE_IDENTIFIER = TheoTar.MoneyAnalyticsTests;
				PRODUCT_NAME = "$(TARGET_NAME)";
				SWIFT_EMIT_LOC_STRINGS = NO;
				SWIFT_VERSION = 5.0;
				TARGETED_DEVICE_FAMILY = "1,2";
				TEST_HOST = "$(BUILT_PRODUCTS_DIR)/MoneyAnalytics.app/$(BUNDLE_EXECUTABLE_FOLDER_PATH)/MoneyAnalytics";
			};
			name = Release;
		};
		918F30082BF7BA540094F9F3 /* Debug */ = {
			isa = XCBuildConfiguration;
			buildSettings = {
				ALWAYS_EMBED_SWIFT_STANDARD_LIBRARIES = YES;
				CODE_SIGN_STYLE = Automatic;
				CURRENT_PROJECT_VERSION = 1;
				DEVELOPMENT_TEAM = 2AK9ZNX2A9;
				GENERATE_INFOPLIST_FILE = YES;
				MARKETING_VERSION = 1.0;
				PRODUCT_BUNDLE_IDENTIFIER = TheoTar.MoneyAnalyticsUITests;
				PRODUCT_NAME = "$(TARGET_NAME)";
				SWIFT_EMIT_LOC_STRINGS = NO;
				SWIFT_VERSION = 5.0;
				TARGETED_DEVICE_FAMILY = "1,2";
				TEST_TARGET_NAME = MoneyAnalytics;
			};
			name = Debug;
		};
		918F30092BF7BA540094F9F3 /* Release */ = {
			isa = XCBuildConfiguration;
			buildSettings = {
				ALWAYS_EMBED_SWIFT_STANDARD_LIBRARIES = YES;
				CODE_SIGN_STYLE = Automatic;
				CURRENT_PROJECT_VERSION = 1;
				DEVELOPMENT_TEAM = 2AK9ZNX2A9;
				GENERATE_INFOPLIST_FILE = YES;
				MARKETING_VERSION = 1.0;
				PRODUCT_BUNDLE_IDENTIFIER = TheoTar.MoneyAnalyticsUITests;
				PRODUCT_NAME = "$(TARGET_NAME)";
				SWIFT_EMIT_LOC_STRINGS = NO;
				SWIFT_VERSION = 5.0;
				TARGETED_DEVICE_FAMILY = "1,2";
				TEST_TARGET_NAME = MoneyAnalytics;
			};
			name = Release;
		};
/* End XCBuildConfiguration section */

/* Begin XCConfigurationList section */
		918F2FD62BF7BA530094F9F3 /* Build configuration list for PBXProject "MoneyAnalytics" */ = {
			isa = XCConfigurationList;
			buildConfigurations = (
				918F2FFF2BF7BA540094F9F3 /* Debug */,
				918F30002BF7BA540094F9F3 /* Release */,
			);
			defaultConfigurationIsVisible = 0;
			defaultConfigurationName = Release;
		};
		918F30012BF7BA540094F9F3 /* Build configuration list for PBXNativeTarget "MoneyAnalytics" */ = {
			isa = XCConfigurationList;
			buildConfigurations = (
				918F30022BF7BA540094F9F3 /* Debug */,
				918F30032BF7BA540094F9F3 /* Release */,
			);
			defaultConfigurationIsVisible = 0;
			defaultConfigurationName = Release;
		};
		918F30042BF7BA540094F9F3 /* Build configuration list for PBXNativeTarget "MoneyAnalyticsTests" */ = {
			isa = XCConfigurationList;
			buildConfigurations = (
				918F30052BF7BA540094F9F3 /* Debug */,
				918F30062BF7BA540094F9F3 /* Release */,
			);
			defaultConfigurationIsVisible = 0;
			defaultConfigurationName = Release;
		};
		918F30072BF7BA540094F9F3 /* Build configuration list for PBXNativeTarget "MoneyAnalyticsUITests" */ = {
			isa = XCConfigurationList;
			buildConfigurations = (
				918F30082BF7BA540094F9F3 /* Debug */,
				918F30092BF7BA540094F9F3 /* Release */,
			);
			defaultConfigurationIsVisible = 0;
			defaultConfigurationName = Release;
		};
/* End XCConfigurationList section */

/* Begin XCVersionGroup section */
		91460A7B2BFCF2010078A5CC /* ExpenseTrackerModel.xcdatamodeld */ = {
			isa = XCVersionGroup;
			children = (
				91460A7C2BFCF2010078A5CC /* ExpenseTrackerModel.xcdatamodel */,
			);
			currentVersion = 91460A7C2BFCF2010078A5CC /* ExpenseTrackerModel.xcdatamodel */;
			name = ExpenseTrackerModel.xcdatamodeld;
			path = /Users/theotar/Documents/Code/MoneyAnalytics/MoneyAnalytics/MoneyAnalytics/ExpenseTrackerModel.xcdatamodeld;
			sourceTree = "<group>";
			versionGroupType = wrapper.xcdatamodel;
		};
/* End XCVersionGroup section */
	};
	rootObject = 918F2FD32BF7BA530094F9F3 /* Project object */;
}
